
Microsoft Visual Studio Solution File, Format Version 12.00
# Visual Studio Version 17
VisualStudioVersion = 17.7.34018.315
MinimumVisualStudioVersion = 10.0.40219.1
Project("{9A19103F-16F7-4668-BE54-9A1E7A4F7556}") = "Zion1.Client.API", "Zion1.Client.API\Zion1.Client.API.csproj", "{77CA8A16-6073-4665-811D-6AA64F3E827B}"
EndProject
Project("{9A19103F-16F7-4668-BE54-9A1E7A4F7556}") = "Zion1.Client.Application", "Zion1.Client.Application\Zion1.Client.Application.csproj", "{9CBDEA67-15A6-45C8-AA42-E7C3C0BDD98B}"
EndProject
Project("{9A19103F-16F7-4668-BE54-9A1E7A4F7556}") = "Zion1.Client.Domain", "Zion1.Client.Domain\Zion1.Client.Domain.csproj", "{BB2812F7-7263-45C8-8BF4-C31EC15F96B2}"
EndProject
Project("{9A19103F-16F7-4668-BE54-9A1E7A4F7556}") = "Zion1.Client.Infrastructure", "Zion1.Client.Infrastructure\Zion1.Client.Infrastructure.csproj", "{416213E7-D793-4527-B989-B3471793BFFB}"
EndProject
Project("{9A19103F-16F7-4668-BE54-9A1E7A4F7556}") = "Zion1.Client.Web.Share", "Zion1.Client.Web.Share\Zion1.Client.Web.Share.csproj", "{D327B2A3-DF85-4392-A1A9-B51E051BC1DD}"
EndProject
Project("{9A19103F-16F7-4668-BE54-9A1E7A4F7556}") = "Zion1.Common.Components", "..\Zion1.Common\Zion1.Common.Components\Zion1.Common.Components.csproj", "{E3E9A766-F679-459D-9AE2-85911608EB6B}"
EndProject
Project("{9A19103F-16F7-4668-BE54-9A1E7A4F7556}") = "Zion1.Common.Helper", "..\Zion1.Common\Zion1.Common.Helper\Zion1.Common.Helper.csproj", "{9BD708C2-2A0C-4278-AC01-F041871E41F7}"
EndProject
Project("{2150E333-8FDC-42A3-9474-1A3956D46DE8}") = "WebAPI", "WebAPI", "{1F4D58CF-199B-4A80-A7EA-F7FF9ECECFDB}"
EndProject
Project("{2150E333-8FDC-42A3-9474-1A3956D46DE8}") = "WebUI", "WebUI", "{5E8A4189-8B6A-4D62-9A73-7BD3C4202EE7}"
EndProject
Project("{9A19103F-16F7-4668-BE54-9A1E7A4F7556}") = "Zion1.Common.Api", "..\Zion1.Common\Zion1.Common.Api\Zion1.Common.Api.csproj", "{B9C2257C-844C-4083-90D2-B82CAA040AB0}"
EndProject
Project("{9A19103F-16F7-4668-BE54-9A1E7A4F7556}") = "Zion1.Client.Web", "Zion1.Client.Web\Zion1.Client.Web\Zion1.Client.Web.csproj", "{4D034DA2-7068-499D-BFEF-81487B2BC049}"
EndProject
Project("{9A19103F-16F7-4668-BE54-9A1E7A4F7556}") = "Zion1.Client.Web.Client", "Zion1.Client.Web\Zion1.Client.Web.Client\Zion1.Client.Web.Client.csproj", "{5CFD8CCE-360E-40DA-ABBC-A8C90AC685B2}"
EndProject
Project("{2150E333-8FDC-42A3-9474-1A3956D46DE8}") = "Frameowork", "Frameowork", "{50D6BB31-9BF9-48EB-9946-B576F274D127}"
EndProject
Global
	GlobalSection(SolutionConfigurationPlatforms) = preSolution
		Debug|Any CPU = Debug|Any CPU
		Release|Any CPU = Release|Any CPU
	EndGlobalSection
	GlobalSection(ProjectConfigurationPlatforms) = postSolution
		{77CA8A16-6073-4665-811D-6AA64F3E827B}.Debug|Any CPU.ActiveCfg = Debug|Any CPU
		{77CA8A16-6073-4665-811D-6AA64F3E827B}.Debug|Any CPU.Build.0 = Debug|Any CPU
		{77CA8A16-6073-4665-811D-6AA64F3E827B}.Release|Any CPU.ActiveCfg = Release|Any CPU
		{77CA8A16-6073-4665-811D-6AA64F3E827B}.Release|Any CPU.Build.0 = Release|Any CPU
		{9CBDEA67-15A6-45C8-AA42-E7C3C0BDD98B}.Debug|Any CPU.ActiveCfg = Debug|Any CPU
		{9CBDEA67-15A6-45C8-AA42-E7C3C0BDD98B}.Debug|Any CPU.Build.0 = Debug|Any CPU
		{9CBDEA67-15A6-45C8-AA42-E7C3C0BDD98B}.Release|Any CPU.ActiveCfg = Release|Any CPU
		{9CBDEA67-15A6-45C8-AA42-E7C3C0BDD98B}.Release|Any CPU.Build.0 = Release|Any CPU
		{BB2812F7-7263-45C8-8BF4-C31EC15F96B2}.Debug|Any CPU.ActiveCfg = Debug|Any CPU
		{BB2812F7-7263-45C8-8BF4-C31EC15F96B2}.Debug|Any CPU.Build.0 = Debug|Any CPU
		{BB2812F7-7263-45C8-8BF4-C31EC15F96B2}.Release|Any CPU.ActiveCfg = Release|Any CPU
		{BB2812F7-7263-45C8-8BF4-C31EC15F96B2}.Release|Any CPU.Build.0 = Release|Any CPU
		{416213E7-D793-4527-B989-B3471793BFFB}.Debug|Any CPU.ActiveCfg = Debug|Any CPU
		{416213E7-D793-4527-B989-B3471793BFFB}.Debug|Any CPU.Build.0 = Debug|Any CPU
		{416213E7-D793-4527-B989-B3471793BFFB}.Release|Any CPU.ActiveCfg = Release|Any CPU
		{416213E7-D793-4527-B989-B3471793BFFB}.Release|Any CPU.Build.0 = Release|Any CPU
		{D327B2A3-DF85-4392-A1A9-B51E051BC1DD}.Debug|Any CPU.ActiveCfg = Debug|Any CPU
		{D327B2A3-DF85-4392-A1A9-B51E051BC1DD}.Debug|Any CPU.Build.0 = Debug|Any CPU
		{D327B2A3-DF85-4392-A1A9-B51E051BC1DD}.Release|Any CPU.ActiveCfg = Release|Any CPU
		{D327B2A3-DF85-4392-A1A9-B51E051BC1DD}.Release|Any CPU.Build.0 = Release|Any CPU
		{E3E9A766-F679-459D-9AE2-85911608EB6B}.Debug|Any CPU.ActiveCfg = Debug|Any CPU
		{E3E9A766-F679-459D-9AE2-85911608EB6B}.Debug|Any CPU.Build.0 = Debug|Any CPU
		{E3E9A766-F679-459D-9AE2-85911608EB6B}.Release|Any CPU.ActiveCfg = Release|Any CPU
		{E3E9A766-F679-459D-9AE2-85911608EB6B}.Release|Any CPU.Build.0 = Release|Any CPU
		{9BD708C2-2A0C-4278-AC01-F041871E41F7}.Debug|Any CPU.ActiveCfg = Debug|Any CPU
		{9BD708C2-2A0C-4278-AC01-F041871E41F7}.Debug|Any CPU.Build.0 = Debug|Any CPU
		{9BD708C2-2A0C-4278-AC01-F041871E41F7}.Release|Any CPU.ActiveCfg = Release|Any CPU
		{9BD708C2-2A0C-4278-AC01-F041871E41F7}.Release|Any CPU.Build.0 = Release|Any CPU
		{B9C2257C-844C-4083-90D2-B82CAA040AB0}.Debug|Any CPU.ActiveCfg = Debug|Any CPU
		{B9C2257C-844C-4083-90D2-B82CAA040AB0}.Debug|Any CPU.Build.0 = Debug|Any CPU
		{B9C2257C-844C-4083-90D2-B82CAA040AB0}.Release|Any CPU.ActiveCfg = Release|Any CPU
		{B9C2257C-844C-4083-90D2-B82CAA040AB0}.Release|Any CPU.Build.0 = Release|Any CPU
		{4D034DA2-7068-499D-BFEF-81487B2BC049}.Debug|Any CPU.ActiveCfg = Debug|Any CPU
		{4D034DA2-7068-499D-BFEF-81487B2BC049}.Debug|Any CPU.Build.0 = Debug|Any CPU
		{4D034DA2-7068-499D-BFEF-81487B2BC049}.Release|Any CPU.ActiveCfg = Release|Any CPU
		{4D034DA2-7068-499D-BFEF-81487B2BC049}.Release|Any CPU.Build.0 = Release|Any CPU
		{5CFD8CCE-360E-40DA-ABBC-A8C90AC685B2}.Debug|Any CPU.ActiveCfg = Debug|Any CPU
		{5CFD8CCE-360E-40DA-ABBC-A8C90AC685B2}.Debug|Any CPU.Build.0 = Debug|Any CPU
		{5CFD8CCE-360E-40DA-ABBC-A8C90AC685B2}.Release|Any CPU.ActiveCfg = Release|Any CPU
		{5CFD8CCE-360E-40DA-ABBC-A8C90AC685B2}.Release|Any CPU.Build.0 = Release|Any CPU
	EndGlobalSection
	GlobalSection(SolutionProperties) = preSolution
		HideSolutionNode = FALSE
	EndGlobalSection
	GlobalSection(NestedProjects) = preSolution
		{77CA8A16-6073-4665-811D-6AA64F3E827B} = {1F4D58CF-199B-4A80-A7EA-F7FF9ECECFDB}
		{9CBDEA67-15A6-45C8-AA42-E7C3C0BDD98B} = {1F4D58CF-199B-4A80-A7EA-F7FF9ECECFDB}
		{BB2812F7-7263-45C8-8BF4-C31EC15F96B2} = {1F4D58CF-199B-4A80-A7EA-F7FF9ECECFDB}
		{416213E7-D793-4527-B989-B3471793BFFB} = {1F4D58CF-199B-4A80-A7EA-F7FF9ECECFDB}
		{D327B2A3-DF85-4392-A1A9-B51E051BC1DD} = {5E8A4189-8B6A-4D62-9A73-7BD3C4202EE7}
		{E3E9A766-F679-459D-9AE2-85911608EB6B} = {50D6BB31-9BF9-48EB-9946-B576F274D127}
		{9BD708C2-2A0C-4278-AC01-F041871E41F7} = {50D6BB31-9BF9-48EB-9946-B576F274D127}
		{B9C2257C-844C-4083-90D2-B82CAA040AB0} = {50D6BB31-9BF9-48EB-9946-B576F274D127}
		{4D034DA2-7068-499D-BFEF-81487B2BC049} = {5E8A4189-8B6A-4D62-9A73-7BD3C4202EE7}
		{5CFD8CCE-360E-40DA-ABBC-A8C90AC685B2} = {5E8A4189-8B6A-4D62-9A73-7BD3C4202EE7}
	EndGlobalSection
	GlobalSection(ExtensibilityGlobals) = postSolution
		SolutionGuid = {28A68959-1CA3-4121-954F-81CF566AA07C}
	EndGlobalSection
EndGlobal
