
Microsoft Visual Studio Solution File, Format Version 12.00
# Visual Studio Version 17
VisualStudioVersion = 17.7.34018.315
MinimumVisualStudioVersion = 10.0.40219.1
Project("{9A19103F-16F7-4668-BE54-9A1E7A4F7556}") = "Zion1.Client.API", "Zion1.Client.API\Zion1.Client.API.csproj", "{77CA8A16-6073-4665-811D-6AA64F3E827B}"
EndProject
Project("{9A19103F-16F7-4668-BE54-9A1E7A4F7556}") = "Zion1.Client.Application", "Zion1.Client.Application\Zion1.Client.Application.csproj", "{9CBDEA67-15A6-45C8-AA42-E7C3C0BDD98B}"
EndProject
Project("{9A19103F-16F7-4668-BE54-9A1E7A4F7556}") = "Zion1.Client.Domain", "Zion1.Client.Domain\Zion1.Client.Domain.csproj", "{BB2812F7-7263-45C8-8BF4-C31EC15F96B2}"
EndProject
Project("{9A19103F-16F7-4668-BE54-9A1E7A4F7556}") = "Zion1.Client.Infrastructure", "Zion1.Client.Infrastructure\Zion1.Client.Infrastructure.csproj", "{416213E7-D793-4527-B989-B3471793BFFB}"
EndProject
Project("{9A19103F-16F7-4668-BE54-9A1E7A4F7556}") = "Zion1.Client.Web.UI", "Zion1.Client.Web.UI\Zion1.Client.Web.UI.csproj", "{54108B33-D832-440D-8907-EB08E6D84FFE}"
EndProject
Project("{9A19103F-16F7-4668-BE54-9A1E7A4F7556}") = "Zion1.Client.Web", "Zion1.Client.Web\Zion1.Client.Web.csproj", "{11DDAE46-559B-4597-B63E-52EB57ED3922}"
EndProject
Project("{9A19103F-16F7-4668-BE54-9A1E7A4F7556}") = "Zion1.Client.Web.Client", "Zion1.Client.Web.Client\Zion1.Client.Web.Client.csproj", "{5CA61891-4E29-4A6F-A2B3-E792D5E4A62F}"
EndProject
Global
	GlobalSection(SolutionConfigurationPlatforms) = preSolution
		Debug|Any CPU = Debug|Any CPU
		Release|Any CPU = Release|Any CPU
	EndGlobalSection
	GlobalSection(ProjectConfigurationPlatforms) = postSolution
		{77CA8A16-6073-4665-811D-6AA64F3E827B}.Debug|Any CPU.ActiveCfg = Debug|Any CPU
		{77CA8A16-6073-4665-811D-6AA64F3E827B}.Debug|Any CPU.Build.0 = Debug|Any CPU
		{77CA8A16-6073-4665-811D-6AA64F3E827B}.Release|Any CPU.ActiveCfg = Release|Any CPU
		{77CA8A16-6073-4665-811D-6AA64F3E827B}.Release|Any CPU.Build.0 = Release|Any CPU
		{9CBDEA67-15A6-45C8-AA42-E7C3C0BDD98B}.Debug|Any CPU.ActiveCfg = Debug|Any CPU
		{9CBDEA67-15A6-45C8-AA42-E7C3C0BDD98B}.Debug|Any CPU.Build.0 = Debug|Any CPU
		{9CBDEA67-15A6-45C8-AA42-E7C3C0BDD98B}.Release|Any CPU.ActiveCfg = Release|Any CPU
		{9CBDEA67-15A6-45C8-AA42-E7C3C0BDD98B}.Release|Any CPU.Build.0 = Release|Any CPU
		{BB2812F7-7263-45C8-8BF4-C31EC15F96B2}.Debug|Any CPU.ActiveCfg = Debug|Any CPU
		{BB2812F7-7263-45C8-8BF4-C31EC15F96B2}.Debug|Any CPU.Build.0 = Debug|Any CPU
		{BB2812F7-7263-45C8-8BF4-C31EC15F96B2}.Release|Any CPU.ActiveCfg = Release|Any CPU
		{BB2812F7-7263-45C8-8BF4-C31EC15F96B2}.Release|Any CPU.Build.0 = Release|Any CPU
		{416213E7-D793-4527-B989-B3471793BFFB}.Debug|Any CPU.ActiveCfg = Debug|Any CPU
		{416213E7-D793-4527-B989-B3471793BFFB}.Debug|Any CPU.Build.0 = Debug|Any CPU
		{416213E7-D793-4527-B989-B3471793BFFB}.Release|Any CPU.ActiveCfg = Release|Any CPU
		{416213E7-D793-4527-B989-B3471793BFFB}.Release|Any CPU.Build.0 = Release|Any CPU
		{54108B33-D832-440D-8907-EB08E6D84FFE}.Debug|Any CPU.ActiveCfg = Debug|Any CPU
		{54108B33-D832-440D-8907-EB08E6D84FFE}.Debug|Any CPU.Build.0 = Debug|Any CPU
		{54108B33-D832-440D-8907-EB08E6D84FFE}.Release|Any CPU.ActiveCfg = Release|Any CPU
		{54108B33-D832-440D-8907-EB08E6D84FFE}.Release|Any CPU.Build.0 = Release|Any CPU
		{11DDAE46-559B-4597-B63E-52EB57ED3922}.Debug|Any CPU.ActiveCfg = Debug|Any CPU
		{11DDAE46-559B-4597-B63E-52EB57ED3922}.Debug|Any CPU.Build.0 = Debug|Any CPU
		{11DDAE46-559B-4597-B63E-52EB57ED3922}.Release|Any CPU.ActiveCfg = Release|Any CPU
		{11DDAE46-559B-4597-B63E-52EB57ED3922}.Release|Any CPU.Build.0 = Release|Any CPU
		{5CA61891-4E29-4A6F-A2B3-E792D5E4A62F}.Debug|Any CPU.ActiveCfg = Debug|Any CPU
		{5CA61891-4E29-4A6F-A2B3-E792D5E4A62F}.Debug|Any CPU.Build.0 = Debug|Any CPU
		{5CA61891-4E29-4A6F-A2B3-E792D5E4A62F}.Release|Any CPU.ActiveCfg = Release|Any CPU
		{5CA61891-4E29-4A6F-A2B3-E792D5E4A62F}.Release|Any CPU.Build.0 = Release|Any CPU
	EndGlobalSection
	GlobalSection(SolutionProperties) = preSolution
		HideSolutionNode = FALSE
	EndGlobalSection
	GlobalSection(ExtensibilityGlobals) = postSolution
		SolutionGuid = {28A68959-1CA3-4121-954F-81CF566AA07C}
	EndGlobalSection
EndGlobal
