
Microsoft Visual Studio Solution File, Format Version 12.00
# Visual Studio Version 17
VisualStudioVersion = 17.7.34018.315
MinimumVisualStudioVersion = 10.0.40219.1
Project("{9A19103F-16F7-4668-BE54-9A1E7A4F7556}") = "Zion1.Client.API", "Zion1.Client.API\Zion1.Client.API.csproj", "{77CA8A16-6073-4665-811D-6AA64F3E827B}"
EndProject
Project("{9A19103F-16F7-4668-BE54-9A1E7A4F7556}") = "Zion1.Client.Application", "Zion1.Client.Application\Zion1.Client.Application.csproj", "{9CBDEA67-15A6-45C8-AA42-E7C3C0BDD98B}"
EndProject
Project("{9A19103F-16F7-4668-BE54-9A1E7A4F7556}") = "Zion1.Client.Domain", "Zion1.Client.Domain\Zion1.Client.Domain.csproj", "{BB2812F7-7263-45C8-8BF4-C31EC15F96B2}"
EndProject
Project("{9A19103F-16F7-4668-BE54-9A1E7A4F7556}") = "Zion1.Client.Infrastructure", "Zion1.Client.Infrastructure\Zion1.Client.Infrastructure.csproj", "{416213E7-D793-4527-B989-B3471793BFFB}"
EndProject
Project("{9A19103F-16F7-4668-BE54-9A1E7A4F7556}") = "Zion1.Client.Web", "Zion1.Client.Web\Zion1.Client.Web\Zion1.Client.Web.csproj", "{1EA31D46-80F4-4BE6-8DBF-96C992CB337B}"
EndProject
Project("{9A19103F-16F7-4668-BE54-9A1E7A4F7556}") = "Zion1.Client.Web.Client", "Zion1.Client.Web\Zion1.Client.Web.Client\Zion1.Client.Web.Client.csproj", "{F75D8331-9E20-466D-A763-5B8834BAE1C0}"
EndProject
Project("{9A19103F-16F7-4668-BE54-9A1E7A4F7556}") = "Zion1.Client.Web.Share", "Zion1.Client.Web.Share\Zion1.Client.Web.Share.csproj", "{D327B2A3-DF85-4392-A1A9-B51E051BC1DD}"
EndProject
Project("{9A19103F-16F7-4668-BE54-9A1E7A4F7556}") = "Zion1.Common.Components", "..\Zion1.Common\Zion1.Common.Components\Zion1.Common.Components.csproj", "{E3E9A766-F679-459D-9AE2-85911608EB6B}"
EndProject
Project("{9A19103F-16F7-4668-BE54-9A1E7A4F7556}") = "Zion1.Common.Helper", "..\Zion1.Common\Zion1.Common.Helper\Zion1.Common.Helper.csproj", "{9BD708C2-2A0C-4278-AC01-F041871E41F7}"
EndProject
Global
	GlobalSection(SolutionConfigurationPlatforms) = preSolution
		Debug|Any CPU = Debug|Any CPU
		Release|Any CPU = Release|Any CPU
	EndGlobalSection
	GlobalSection(ProjectConfigurationPlatforms) = postSolution
		{77CA8A16-6073-4665-811D-6AA64F3E827B}.Debug|Any CPU.ActiveCfg = Debug|Any CPU
		{77CA8A16-6073-4665-811D-6AA64F3E827B}.Debug|Any CPU.Build.0 = Debug|Any CPU
		{77CA8A16-6073-4665-811D-6AA64F3E827B}.Release|Any CPU.ActiveCfg = Release|Any CPU
		{77CA8A16-6073-4665-811D-6AA64F3E827B}.Release|Any CPU.Build.0 = Release|Any CPU
		{9CBDEA67-15A6-45C8-AA42-E7C3C0BDD98B}.Debug|Any CPU.ActiveCfg = Debug|Any CPU
		{9CBDEA67-15A6-45C8-AA42-E7C3C0BDD98B}.Debug|Any CPU.Build.0 = Debug|Any CPU
		{9CBDEA67-15A6-45C8-AA42-E7C3C0BDD98B}.Release|Any CPU.ActiveCfg = Release|Any CPU
		{9CBDEA67-15A6-45C8-AA42-E7C3C0BDD98B}.Release|Any CPU.Build.0 = Release|Any CPU
		{BB2812F7-7263-45C8-8BF4-C31EC15F96B2}.Debug|Any CPU.ActiveCfg = Debug|Any CPU
		{BB2812F7-7263-45C8-8BF4-C31EC15F96B2}.Debug|Any CPU.Build.0 = Debug|Any CPU
		{BB2812F7-7263-45C8-8BF4-C31EC15F96B2}.Release|Any CPU.ActiveCfg = Release|Any CPU
		{BB2812F7-7263-45C8-8BF4-C31EC15F96B2}.Release|Any CPU.Build.0 = Release|Any CPU
		{416213E7-D793-4527-B989-B3471793BFFB}.Debug|Any CPU.ActiveCfg = Debug|Any CPU
		{416213E7-D793-4527-B989-B3471793BFFB}.Debug|Any CPU.Build.0 = Debug|Any CPU
		{416213E7-D793-4527-B989-B3471793BFFB}.Release|Any CPU.ActiveCfg = Release|Any CPU
		{416213E7-D793-4527-B989-B3471793BFFB}.Release|Any CPU.Build.0 = Release|Any CPU
		{1EA31D46-80F4-4BE6-8DBF-96C992CB337B}.Debug|Any CPU.ActiveCfg = Debug|Any CPU
		{1EA31D46-80F4-4BE6-8DBF-96C992CB337B}.Debug|Any CPU.Build.0 = Debug|Any CPU
		{1EA31D46-80F4-4BE6-8DBF-96C992CB337B}.Release|Any CPU.ActiveCfg = Release|Any CPU
		{1EA31D46-80F4-4BE6-8DBF-96C992CB337B}.Release|Any CPU.Build.0 = Release|Any CPU
		{F75D8331-9E20-466D-A763-5B8834BAE1C0}.Debug|Any CPU.ActiveCfg = Debug|Any CPU
		{F75D8331-9E20-466D-A763-5B8834BAE1C0}.Debug|Any CPU.Build.0 = Debug|Any CPU
		{F75D8331-9E20-466D-A763-5B8834BAE1C0}.Release|Any CPU.ActiveCfg = Release|Any CPU
		{F75D8331-9E20-466D-A763-5B8834BAE1C0}.Release|Any CPU.Build.0 = Release|Any CPU
		{D327B2A3-DF85-4392-A1A9-B51E051BC1DD}.Debug|Any CPU.ActiveCfg = Debug|Any CPU
		{D327B2A3-DF85-4392-A1A9-B51E051BC1DD}.Debug|Any CPU.Build.0 = Debug|Any CPU
		{D327B2A3-DF85-4392-A1A9-B51E051BC1DD}.Release|Any CPU.ActiveCfg = Release|Any CPU
		{D327B2A3-DF85-4392-A1A9-B51E051BC1DD}.Release|Any CPU.Build.0 = Release|Any CPU
		{E3E9A766-F679-459D-9AE2-85911608EB6B}.Debug|Any CPU.ActiveCfg = Debug|Any CPU
		{E3E9A766-F679-459D-9AE2-85911608EB6B}.Debug|Any CPU.Build.0 = Debug|Any CPU
		{E3E9A766-F679-459D-9AE2-85911608EB6B}.Release|Any CPU.ActiveCfg = Release|Any CPU
		{E3E9A766-F679-459D-9AE2-85911608EB6B}.Release|Any CPU.Build.0 = Release|Any CPU
		{9BD708C2-2A0C-4278-AC01-F041871E41F7}.Debug|Any CPU.ActiveCfg = Debug|Any CPU
		{9BD708C2-2A0C-4278-AC01-F041871E41F7}.Debug|Any CPU.Build.0 = Debug|Any CPU
		{9BD708C2-2A0C-4278-AC01-F041871E41F7}.Release|Any CPU.ActiveCfg = Release|Any CPU
		{9BD708C2-2A0C-4278-AC01-F041871E41F7}.Release|Any CPU.Build.0 = Release|Any CPU
	EndGlobalSection
	GlobalSection(SolutionProperties) = preSolution
		HideSolutionNode = FALSE
	EndGlobalSection
	GlobalSection(ExtensibilityGlobals) = postSolution
		SolutionGuid = {28A68959-1CA3-4121-954F-81CF566AA07C}
	EndGlobalSection
EndGlobal
